<?xml version="1.0" encoding="UTF-8"?>
<Project xmlns="http://schemas.microsoft.com/developer/msbuild/2003" ToolsVersion="4.0">
    <ItemGroup>
        <Filter Include="Header Files">
            <UniqueIdentifier>{ACB8F101-3D5F-457D-95E5-D795CE20E801}</UniqueIdentifier>
            <Extensions>h;hpp</Extensions>
        </Filter>
        <Filter Include="Source Files">
            <UniqueIdentifier>{974863DA-37A2-4FF4-A8D7-BC0E62755D45}</UniqueIdentifier>
            <Extensions>cpp;c</Extensions>
        </Filter>
        <Filter Include="Resource Files">
            <UniqueIdentifier>{6DBD3F61-F00E-4F88-BB17-84DC8E5A26A8}</UniqueIdentifier>
            <Extensions>hlsl;jpg;jpeg;png;wav;mp3;ico;dds;rc;obj</Extensions>
        </Filter>
    </ItemGroup>
    <ItemGroup>
        <ClCompile Include="..\..\..\src\P2-Ex01\Bishop.cpp">
            <Filter>Source Files</Filter>
        </ClCompile>
        <ClCompile Include="..\..\..\src\P2-Ex01\Board.cpp">
            <Filter>Source Files</Filter>
        </ClCompile>
        <ClCompile Include="..\..\..\src\P2-Ex01\ChessPiece.cpp">
            <Filter>Source Files</Filter>
        </ClCompile>
        <ClCompile Include="..\..\..\src\P2-Ex01\King.cpp">
            <Filter>Source Files</Filter>
        </ClCompile>
        <ClCompile Include="..\..\..\src\P2-Ex01\Knight.cpp">
            <Filter>Source Files</Filter>
        </ClCompile>
        <ClCompile Include="..\..\..\src\P2-Ex01\main.cpp">
            <Filter>Source Files</Filter>
        </ClCompile>
        <ClCompile Include="..\..\..\src\P2-Ex01\Pawn.cpp">
            <Filter>Source Files</Filter>
        </ClCompile>
        <ClCompile Include="..\..\..\src\P2-Ex01\pch.cpp">
            <Filter>Source Files</Filter>
        </ClCompile>
        <ClCompile Include="..\..\..\src\P2-Ex01\Queen.cpp">
            <Filter>Source Files</Filter>
        </ClCompile>
        <ClCompile Include="..\..\..\src\P2-Ex01\Rook.cpp">
            <Filter>Source Files</Filter>
        </ClCompile>
        <ClInclude Include="..\..\..\src\P2-Ex01\Bishop.h">
            <Filter>Header Files</Filter>
        </ClInclude>
        <ClInclude Include="..\..\..\src\P2-Ex01\Board.h">
            <Filter>Header Files</Filter>
        </ClInclude>
        <ClInclude Include="..\..\..\src\P2-Ex01\ChessPiece.h">
            <Filter>Header Files</Filter>
        </ClInclude>
        <ClInclude Include="..\..\..\src\P2-Ex01\King.h">
            <Filter>Header Files</Filter>
        </ClInclude>
        <ClInclude Include="..\..\..\src\P2-Ex01\Knight.h">
            <Filter>Header Files</Filter>
        </ClInclude>
        <ClInclude Include="..\..\..\src\P2-Ex01\main.h">
            <Filter>Header Files</Filter>
        </ClInclude>
        <ClInclude Include="..\..\..\src\P2-Ex01\Pawn.h">
            <Filter>Header Files</Filter>
        </ClInclude>
        <ClInclude Include="..\..\..\src\P2-Ex01\pch.h">
            <Filter>Header Files</Filter>
        </ClInclude>
        <ClInclude Include="..\..\..\src\P2-Ex01\Queen.h">
            <Filter>Header Files</Filter>
        </ClInclude>
        <ClInclude Include="..\..\..\src\P2-Ex01\resource.h">
            <Filter>Header Files</Filter>
        </ClInclude>
        <ClInclude Include="..\..\..\src\P2-Ex01\Rook.h">
            <Filter>Header Files</Filter>
        </ClInclude>
        <None Include="..\..\..\src\P2-Ex01\app.ico">
            <Filter>Resource Files</Filter>
        </None>
        <None Include="..\..\..\src\P2-Ex01\app.rc">
            <Filter>Resource Files</Filter>
        </None>
        <None Include="..\..\..\src\P2-Ex01\small.ico">
            <Filter>Resource Files</Filter>
        </None>
    </ItemGroup>
</Project>
