<?xml version="1.0" encoding="UTF-8"?>
<Project xmlns="http://schemas.microsoft.com/developer/msbuild/2003" ToolsVersion="4.0">
    <ItemGroup>
        <Filter Include="Header Files">
            <UniqueIdentifier>{DE96CC1D-2B0A-4201-A957-A27A30389BC9}</UniqueIdentifier>
            <Extensions>h;hpp</Extensions>
        </Filter>
        <Filter Include="Source Files">
            <UniqueIdentifier>{774BD9FC-97D5-4FFF-BBAE-EE023E794E32}</UniqueIdentifier>
            <Extensions>cpp;c</Extensions>
        </Filter>
        <Filter Include="Resource Files">
            <UniqueIdentifier>{60914306-C1CB-43F8-98D0-0169FDC79394}</UniqueIdentifier>
            <Extensions>hlsl;jpg;jpeg;png;wav;mp3;ico;dds;rc;obj</Extensions>
        </Filter>
    </ItemGroup>
    <ItemGroup>
        <ClCompile Include="..\..\..\src\P2-Ex01\Bishop.cpp">
            <Filter>Source Files</Filter>
        </ClCompile>
        <ClCompile Include="..\..\..\src\P2-Ex01\Board.cpp">
            <Filter>Source Files</Filter>
        </ClCompile>
        <ClCompile Include="..\..\..\src\P2-Ex01\ChessPiece.cpp">
            <Filter>Source Files</Filter>
        </ClCompile>
        <ClCompile Include="..\..\..\src\P2-Ex01\King.cpp">
            <Filter>Source Files</Filter>
        </ClCompile>
        <ClCompile Include="..\..\..\src\P2-Ex01\Knight.cpp">
            <Filter>Source Files</Filter>
        </ClCompile>
        <ClCompile Include="..\..\..\src\P2-Ex01\main.cpp">
            <Filter>Source Files</Filter>
        </ClCompile>
        <ClCompile Include="..\..\..\src\P2-Ex01\Pawn.cpp">
            <Filter>Source Files</Filter>
        </ClCompile>
        <ClCompile Include="..\..\..\src\P2-Ex01\pch.cpp">
            <Filter>Source Files</Filter>
        </ClCompile>
        <ClCompile Include="..\..\..\src\P2-Ex01\Player.cpp">
            <Filter>Source Files</Filter>
        </ClCompile>
        <ClCompile Include="..\..\..\src\P2-Ex01\Queen.cpp">
            <Filter>Source Files</Filter>
        </ClCompile>
        <ClCompile Include="..\..\..\src\P2-Ex01\Rook.cpp">
            <Filter>Source Files</Filter>
        </ClCompile>
        <ClInclude Include="..\..\..\src\P2-Ex01\Bishop.h">
            <Filter>Header Files</Filter>
        </ClInclude>
        <ClInclude Include="..\..\..\src\P2-Ex01\Board.h">
            <Filter>Header Files</Filter>
        </ClInclude>
        <ClInclude Include="..\..\..\src\P2-Ex01\ChessPiece.h">
            <Filter>Header Files</Filter>
        </ClInclude>
        <ClInclude Include="..\..\..\src\P2-Ex01\King.h">
            <Filter>Header Files</Filter>
        </ClInclude>
        <ClInclude Include="..\..\..\src\P2-Ex01\Knight.h">
            <Filter>Header Files</Filter>
        </ClInclude>
        <ClInclude Include="..\..\..\src\P2-Ex01\main.h">
            <Filter>Header Files</Filter>
        </ClInclude>
        <ClInclude Include="..\..\..\src\P2-Ex01\Pawn.h">
            <Filter>Header Files</Filter>
        </ClInclude>
        <ClInclude Include="..\..\..\src\P2-Ex01\pch.h">
            <Filter>Header Files</Filter>
        </ClInclude>
        <ClInclude Include="..\..\..\src\P2-Ex01\Player.h">
            <Filter>Header Files</Filter>
        </ClInclude>
        <ClInclude Include="..\..\..\src\P2-Ex01\Queen.h">
            <Filter>Header Files</Filter>
        </ClInclude>
        <ClInclude Include="..\..\..\src\P2-Ex01\resource.h">
            <Filter>Header Files</Filter>
        </ClInclude>
        <ClInclude Include="..\..\..\src\P2-Ex01\Rook.h">
            <Filter>Header Files</Filter>
        </ClInclude>
        <None Include="..\..\..\src\P2-Ex01\app.ico">
            <Filter>Resource Files</Filter>
        </None>
        <None Include="..\..\..\src\P2-Ex01\app.rc">
            <Filter>Resource Files</Filter>
        </None>
        <None Include="..\..\..\src\P2-Ex01\small.ico">
            <Filter>Resource Files</Filter>
        </None>
    </ItemGroup>
</Project>
